
Microsoft Visual Studio Solution File, Format Version 12.00
Project("{FAE04EC0-301F-11D3-BF4B-00C04F79EFBC}") = "MarketPlace.Domain", "MarketPlace.Domain\MarketPlace.Domain.csproj", "{B76BBA8A-AD12-4680-BA6C-9F0C0036756F}"
EndProject
Project("{FAE04EC0-301F-11D3-BF4B-00C04F79EFBC}") = "MarketPlace.Application", "MarketPlace.Application\MarketPlace.Application.csproj", "{E3470629-67AB-4E8C-B388-559E6950EAB9}"
EndProject
Project("{FAE04EC0-301F-11D3-BF4B-00C04F79EFBC}") = "MarketPlace.Infrastructure", "MarketPlace.Infrastructure\MarketPlace.Infrastructure.csproj", "{6489E144-F885-4396-9C54-A7A104B69D42}"
EndProject
Project("{FAE04EC0-301F-11D3-BF4B-00C04F79EFBC}") = "MarketPlace.WebAPI", "MarketPlace.WebAPI\MarketPlace.WebAPI.csproj", "{9C857DBF-FD23-4930-96CF-E1ABF7ADE85B}"
EndProject
Project("{FAE04EC0-301F-11D3-BF4B-00C04F79EFBC}") = "MarketPlace.Contracts", "MarketPlace.Contracts\MarketPlace.Contracts.csproj", "{8677984A-A5AD-42B8-BE2E-92AA533BE350}"
EndProject
Project("{FAE04EC0-301F-11D3-BF4B-00C04F79EFBC}") = "MarketPlace.Application.DI", "MarketPlace.Application.DI\MarketPlace.Application.DI.csproj", "{3A6925B3-6EF8-4A4D-8363-2A2B7FCF9C3D}"
EndProject
Project("{2150E333-8FDC-42A3-9474-1A3956D46DE8}") = "Core", "Core", "{29A03F10-A051-4639-8885-4503DD763419}"
EndProject
Project("{2150E333-8FDC-42A3-9474-1A3956D46DE8}") = "Application", "Application", "{B0D1991C-AD1C-4481-AD76-3E5E7C4996F8}"
EndProject
Project("{2150E333-8FDC-42A3-9474-1A3956D46DE8}") = "Infrastructure", "Infrastructure", "{C69ED29E-8C57-4515-88C3-646DC6763F9F}"
EndProject
Global
	GlobalSection(SolutionConfigurationPlatforms) = preSolution
		Debug|Any CPU = Debug|Any CPU
		Release|Any CPU = Release|Any CPU
	EndGlobalSection
	GlobalSection(ProjectConfigurationPlatforms) = postSolution
		{B76BBA8A-AD12-4680-BA6C-9F0C0036756F}.Debug|Any CPU.ActiveCfg = Debug|Any CPU
		{B76BBA8A-AD12-4680-BA6C-9F0C0036756F}.Debug|Any CPU.Build.0 = Debug|Any CPU
		{B76BBA8A-AD12-4680-BA6C-9F0C0036756F}.Release|Any CPU.ActiveCfg = Release|Any CPU
		{B76BBA8A-AD12-4680-BA6C-9F0C0036756F}.Release|Any CPU.Build.0 = Release|Any CPU
		{E3470629-67AB-4E8C-B388-559E6950EAB9}.Debug|Any CPU.ActiveCfg = Debug|Any CPU
		{E3470629-67AB-4E8C-B388-559E6950EAB9}.Debug|Any CPU.Build.0 = Debug|Any CPU
		{E3470629-67AB-4E8C-B388-559E6950EAB9}.Release|Any CPU.ActiveCfg = Release|Any CPU
		{E3470629-67AB-4E8C-B388-559E6950EAB9}.Release|Any CPU.Build.0 = Release|Any CPU
		{6489E144-F885-4396-9C54-A7A104B69D42}.Debug|Any CPU.ActiveCfg = Debug|Any CPU
		{6489E144-F885-4396-9C54-A7A104B69D42}.Debug|Any CPU.Build.0 = Debug|Any CPU
		{6489E144-F885-4396-9C54-A7A104B69D42}.Release|Any CPU.ActiveCfg = Release|Any CPU
		{6489E144-F885-4396-9C54-A7A104B69D42}.Release|Any CPU.Build.0 = Release|Any CPU
		{9C857DBF-FD23-4930-96CF-E1ABF7ADE85B}.Debug|Any CPU.ActiveCfg = Debug|Any CPU
		{9C857DBF-FD23-4930-96CF-E1ABF7ADE85B}.Debug|Any CPU.Build.0 = Debug|Any CPU
		{9C857DBF-FD23-4930-96CF-E1ABF7ADE85B}.Release|Any CPU.ActiveCfg = Release|Any CPU
		{9C857DBF-FD23-4930-96CF-E1ABF7ADE85B}.Release|Any CPU.Build.0 = Release|Any CPU
		{8677984A-A5AD-42B8-BE2E-92AA533BE350}.Debug|Any CPU.ActiveCfg = Debug|Any CPU
		{8677984A-A5AD-42B8-BE2E-92AA533BE350}.Debug|Any CPU.Build.0 = Debug|Any CPU
		{8677984A-A5AD-42B8-BE2E-92AA533BE350}.Release|Any CPU.ActiveCfg = Release|Any CPU
		{8677984A-A5AD-42B8-BE2E-92AA533BE350}.Release|Any CPU.Build.0 = Release|Any CPU
		{3A6925B3-6EF8-4A4D-8363-2A2B7FCF9C3D}.Debug|Any CPU.ActiveCfg = Debug|Any CPU
		{3A6925B3-6EF8-4A4D-8363-2A2B7FCF9C3D}.Debug|Any CPU.Build.0 = Debug|Any CPU
		{3A6925B3-6EF8-4A4D-8363-2A2B7FCF9C3D}.Release|Any CPU.ActiveCfg = Release|Any CPU
		{3A6925B3-6EF8-4A4D-8363-2A2B7FCF9C3D}.Release|Any CPU.Build.0 = Release|Any CPU
	EndGlobalSection
	GlobalSection(NestedProjects) = preSolution
		{E3470629-67AB-4E8C-B388-559E6950EAB9} = {B0D1991C-AD1C-4481-AD76-3E5E7C4996F8}
		{3A6925B3-6EF8-4A4D-8363-2A2B7FCF9C3D} = {B0D1991C-AD1C-4481-AD76-3E5E7C4996F8}
		{8677984A-A5AD-42B8-BE2E-92AA533BE350} = {C69ED29E-8C57-4515-88C3-646DC6763F9F}
		{6489E144-F885-4396-9C54-A7A104B69D42} = {C69ED29E-8C57-4515-88C3-646DC6763F9F}
		{B76BBA8A-AD12-4680-BA6C-9F0C0036756F} = {29A03F10-A051-4639-8885-4503DD763419}
		{9C857DBF-FD23-4930-96CF-E1ABF7ADE85B} = {C69ED29E-8C57-4515-88C3-646DC6763F9F}
	EndGlobalSection
EndGlobal
